
Microsoft Visual Studio Solution File, Format Version 12.00
# Visual Studio Version 17
VisualStudioVersion = 17.0.32112.339
MinimumVisualStudioVersion = 10.0.40219.1
Project("{9A19103F-16F7-4668-BE54-9A1E7A4F7556}") = "challenge", "challenge.csproj", "{36B6F493-9FEF-44FC-B816-79EE13B2517B}"
EndProject
Global
	GlobalSection(SolutionConfigurationPlatforms) = preSolution
		Debug|Any CPU = Debug|Any CPU
		Release|Any CPU = Release|Any CPU
	EndGlobalSection
	GlobalSection(ProjectConfigurationPlatforms) = postSolution
		{36B6F493-9FEF-44FC-B816-79EE13B2517B}.Debug|Any CPU.ActiveCfg = Debug|Any CPU
		{36B6F493-9FEF-44FC-B816-79EE13B2517B}.Debug|Any CPU.Build.0 = Debug|Any CPU
		{36B6F493-9FEF-44FC-B816-79EE13B2517B}.Release|Any CPU.ActiveCfg = Release|Any CPU
		{36B6F493-9FEF-44FC-B816-79EE13B2517B}.Release|Any CPU.Build.0 = Release|Any CPU
	EndGlobalSection
	GlobalSection(SolutionProperties) = preSolution
		HideSolutionNode = FALSE
	EndGlobalSection
	GlobalSection(ExtensibilityGlobals) = postSolution
		SolutionGuid = {B7CF53B7-0E29-4419-8232-47184239AB90}
	EndGlobalSection
EndGlobal
